
Microsoft Visual Studio Solution File, Format Version 12.00
# Visual Studio Version 17
VisualStudioVersion = 17.0.31612.314
MinimumVisualStudioVersion = 10.0.40219.1
Project("{9A19103F-16F7-4668-BE54-9A1E7A4F7556}") = "ImageInspector", "ImageInspector\ImageInspector.csproj", "{C644497F-1591-4D59-AFE7-F1EBCD006A80}"
EndProject
Project("{9A19103F-16F7-4668-BE54-9A1E7A4F7556}") = "ImageInspector.Tools", "ImageInspector.Tools\ImageInspector.Tools.csproj", "{15E35698-3BE3-48F3-A82D-BFDEEF3C7B1D}"
EndProject
Project("{9A19103F-16F7-4668-BE54-9A1E7A4F7556}") = "ImageInspector.Controls", "ImageInspector.Controls\ImageInspector.Controls.csproj", "{7DCBA9D0-9E35-44D8-901D-1BA70601F05F}"
EndProject
Project("{9A19103F-16F7-4668-BE54-9A1E7A4F7556}") = "ImageInspector.ImageLibrary", "ImageInspector.ImageLibrary\ImageInspector.ImageLibrary.csproj", "{67E03BDB-5712-41C0-BC0F-9217D353094D}"
EndProject
Global
	GlobalSection(SolutionConfigurationPlatforms) = preSolution
		Debug|Any CPU = Debug|Any CPU
		Release|Any CPU = Release|Any CPU
	EndGlobalSection
	GlobalSection(ProjectConfigurationPlatforms) = postSolution
		{C644497F-1591-4D59-AFE7-F1EBCD006A80}.Debug|Any CPU.ActiveCfg = Debug|Any CPU
		{C644497F-1591-4D59-AFE7-F1EBCD006A80}.Debug|Any CPU.Build.0 = Debug|Any CPU
		{C644497F-1591-4D59-AFE7-F1EBCD006A80}.Release|Any CPU.ActiveCfg = Release|Any CPU
		{C644497F-1591-4D59-AFE7-F1EBCD006A80}.Release|Any CPU.Build.0 = Release|Any CPU
		{15E35698-3BE3-48F3-A82D-BFDEEF3C7B1D}.Debug|Any CPU.ActiveCfg = Debug|Any CPU
		{15E35698-3BE3-48F3-A82D-BFDEEF3C7B1D}.Debug|Any CPU.Build.0 = Debug|Any CPU
		{15E35698-3BE3-48F3-A82D-BFDEEF3C7B1D}.Release|Any CPU.ActiveCfg = Release|Any CPU
		{15E35698-3BE3-48F3-A82D-BFDEEF3C7B1D}.Release|Any CPU.Build.0 = Release|Any CPU
		{7DCBA9D0-9E35-44D8-901D-1BA70601F05F}.Debug|Any CPU.ActiveCfg = Debug|Any CPU
		{7DCBA9D0-9E35-44D8-901D-1BA70601F05F}.Debug|Any CPU.Build.0 = Debug|Any CPU
		{7DCBA9D0-9E35-44D8-901D-1BA70601F05F}.Release|Any CPU.ActiveCfg = Release|Any CPU
		{7DCBA9D0-9E35-44D8-901D-1BA70601F05F}.Release|Any CPU.Build.0 = Release|Any CPU
		{67E03BDB-5712-41C0-BC0F-9217D353094D}.Debug|Any CPU.ActiveCfg = Debug|Any CPU
		{67E03BDB-5712-41C0-BC0F-9217D353094D}.Debug|Any CPU.Build.0 = Debug|Any CPU
		{67E03BDB-5712-41C0-BC0F-9217D353094D}.Release|Any CPU.ActiveCfg = Release|Any CPU
		{67E03BDB-5712-41C0-BC0F-9217D353094D}.Release|Any CPU.Build.0 = Release|Any CPU
	EndGlobalSection
	GlobalSection(SolutionProperties) = preSolution
		HideSolutionNode = FALSE
	EndGlobalSection
	GlobalSection(ExtensibilityGlobals) = postSolution
		SolutionGuid = {7641742E-56BB-4C68-99D2-6031450466A8}
	EndGlobalSection
EndGlobal
